Microsoft Visual Studio Solution File, Format Version 12.00
# Visual Studio Version 17
VisualStudioVersion = 17.5.2.0
MinimumVisualStudioVersion = 10.0.40219.1
Project("{FAE04EC0-301F-11D3-BF4B-00C04F79EFBC}") = "QuizAppBackend.Tests", "QuizAppBackend.Tests.csproj", "{D91930A0-2923-D081-5A28-CC6C48D019FC}"
EndProject
Global
	GlobalSection(SolutionConfigurationPlatforms) = preSolution
		Debug|Any CPU = Debug|Any CPU
		Release|Any CPU = Release|Any CPU
	EndGlobalSection
	GlobalSection(ProjectConfigurationPlatforms) = postSolution
		{D91930A0-2923-D081-5A28-CC6C48D019FC}.Debug|Any CPU.ActiveCfg = Debug|Any CPU
		{D91930A0-2923-D081-5A28-CC6C48D019FC}.Debug|Any CPU.Build.0 = Debug|Any CPU
		{D91930A0-2923-D081-5A28-CC6C48D019FC}.Release|Any CPU.ActiveCfg = Release|Any CPU
		{D91930A0-2923-D081-5A28-CC6C48D019FC}.Release|Any CPU.Build.0 = Release|Any CPU
	EndGlobalSection
	GlobalSection(SolutionProperties) = preSolution
		HideSolutionNode = FALSE
	EndGlobalSection
	GlobalSection(ExtensibilityGlobals) = postSolution
		SolutionGuid = {E1C13A28-4C24-437B-9E99-C62BE535B78E}
	EndGlobalSection
EndGlobal
